// !$*UTF8*$!
{
	archiveVersion = 1;
	classes = {
	};
	objectVersion = 50;
	objects = {

/* Begin PBXBuildFile section */
		EA1D879426F8E5B900E1C1FE /* AppDelegate.swift in Sources */ = {isa = PBXBuildFile; fileRef = EA1D879326F8E5B900E1C1FE /* AppDelegate.swift */; };
		EA1D879626F8E5B900E1C1FE /* SceneDelegate.swift in Sources */ = {isa = PBXBuildFile; fileRef = EA1D879526F8E5B900E1C1FE /* SceneDelegate.swift */; };
		EA1D879826F8E5B900E1C1FE /* ViewController.swift in Sources */ = {isa = PBXBuildFile; fileRef = EA1D879726F8E5B900E1C1FE /* ViewController.swift */; };
		EA1D879B26F8E5B900E1C1FE /* Main.storyboard in Resources */ = {isa = PBXBuildFile; fileRef = EA1D879926F8E5B900E1C1FE /* Main.storyboard */; };
		EA1D879D26F8E5BE00E1C1FE /* Assets.xcassets in Resources */ = {isa = PBXBuildFile; fileRef = EA1D879C26F8E5BE00E1C1FE /* Assets.xcassets */; };
		EA1D87A026F8E5BE00E1C1FE /* LaunchScreen.storyboard in Resources */ = {isa = PBXBuildFile; fileRef = EA1D879E26F8E5BE00E1C1FE /* LaunchScreen.storyboard */; };
		EA1D87A926F8E77400E1C1FE /* SomeStruct.swift in Sources */ = {isa = PBXBuildFile; fileRef = EA1D87A826F8E77400E1C1FE /* SomeStruct.swift */; };
		EA1D87AB26F8E87600E1C1FE /* StaticExamplesClass.swift in Sources */ = {isa = PBXBuildFile; fileRef = EA1D87AA26F8E87600E1C1FE /* StaticExamplesClass.swift */; };
		EA1D87AD26F8E89F00E1C1FE /* SomeClass.swift in Sources */ = {isa = PBXBuildFile; fileRef = EA1D87AC26F8E89F00E1C1FE /* SomeClass.swift */; };
		EA1D87B026F8EEC700E1C1FE /* SomeProtocol.swift in Sources */ = {isa = PBXBuildFile; fileRef = EA1D87AF26F8EEC700E1C1FE /* SomeProtocol.swift */; };
		EA1D87B226F8EF0A00E1C1FE /* SomeClassTableDispatch.swift in Sources */ = {isa = PBXBuildFile; fileRef = EA1D87B126F8EF0A00E1C1FE /* SomeClassTableDispatch.swift */; };
		EA1D87B426F8EF5F00E1C1FE /* TableExamplesClass.swift in Sources */ = {isa = PBXBuildFile; fileRef = EA1D87B326F8EF5F00E1C1FE /* TableExamplesClass.swift */; };
		EA1D87B626F8F10700E1C1FE /* CustomNSObject.swift in Sources */ = {isa = PBXBuildFile; fileRef = EA1D87B526F8F10700E1C1FE /* CustomNSObject.swift */; };
/* End PBXBuildFile section */

/* Begin PBXFileReference section */
		EA1D879026F8E5B900E1C1FE /* MethodDispatch.app */ = {isa = PBXFileReference; explicitFileType = wrapper.application; includeInIndex = 0; path = MethodDispatch.app; sourceTree = BUILT_PRODUCTS_DIR; };
		EA1D879326F8E5B900E1C1FE /* AppDelegate.swift */ = {isa = PBXFileReference; lastKnownFileType = sourcecode.swift; path = AppDelegate.swift; sourceTree = "<group>"; };
		EA1D879526F8E5B900E1C1FE /* SceneDelegate.swift */ = {isa = PBXFileReference; lastKnownFileType = sourcecode.swift; path = SceneDelegate.swift; sourceTree = "<group>"; };
		EA1D879726F8E5B900E1C1FE /* ViewController.swift */ = {isa = PBXFileReference; lastKnownFileType = sourcecode.swift; path = ViewController.swift; sourceTree = "<group>"; };
		EA1D879A26F8E5B900E1C1FE /* Base */ = {isa = PBXFileReference; lastKnownFileType = file.storyboard; name = Base; path = Base.lproj/Main.storyboard; sourceTree = "<group>"; };
		EA1D879C26F8E5BE00E1C1FE /* Assets.xcassets */ = {isa = PBXFileReference; lastKnownFileType = folder.assetcatalog; path = Assets.xcassets; sourceTree = "<group>"; };
		EA1D879F26F8E5BE00E1C1FE /* Base */ = {isa = PBXFileReference; lastKnownFileType = file.storyboard; name = Base; path = Base.lproj/LaunchScreen.storyboard; sourceTree = "<group>"; };
		EA1D87A126F8E5BE00E1C1FE /* Info.plist */ = {isa = PBXFileReference; lastKnownFileType = text.plist.xml; path = Info.plist; sourceTree = "<group>"; };
		EA1D87A826F8E77400E1C1FE /* SomeStruct.swift */ = {isa = PBXFileReference; lastKnownFileType = sourcecode.swift; path = SomeStruct.swift; sourceTree = "<group>"; };
		EA1D87AA26F8E87600E1C1FE /* StaticExamplesClass.swift */ = {isa = PBXFileReference; lastKnownFileType = sourcecode.swift; path = StaticExamplesClass.swift; sourceTree = "<group>"; };
		EA1D87AC26F8E89F00E1C1FE /* SomeClass.swift */ = {isa = PBXFileReference; lastKnownFileType = sourcecode.swift; path = SomeClass.swift; sourceTree = "<group>"; };
		EA1D87AF26F8EEC700E1C1FE /* SomeProtocol.swift */ = {isa = PBXFileReference; lastKnownFileType = sourcecode.swift; path = SomeProtocol.swift; sourceTree = "<group>"; };
		EA1D87B126F8EF0A00E1C1FE /* SomeClassTableDispatch.swift */ = {isa = PBXFileReference; lastKnownFileType = sourcecode.swift; path = SomeClassTableDispatch.swift; sourceTree = "<group>"; };
		EA1D87B326F8EF5F00E1C1FE /* TableExamplesClass.swift */ = {isa = PBXFileReference; lastKnownFileType = sourcecode.swift; path = TableExamplesClass.swift; sourceTree = "<group>"; };
		EA1D87B526F8F10700E1C1FE /* CustomNSObject.swift */ = {isa = PBXFileReference; lastKnownFileType = sourcecode.swift; path = CustomNSObject.swift; sourceTree = "<group>"; };
/* End PBXFileReference section */

/* Begin PBXFrameworksBuildPhase section */
		EA1D878D26F8E5B900E1C1FE /* Frameworks */ = {
			isa = PBXFrameworksBuildPhase;
			buildActionMask = 2147483647;
			files = (
			);
			runOnlyForDeploymentPostprocessing = 0;
		};
/* End PBXFrameworksBuildPhase section */

/* Begin PBXGroup section */
		EA1D878726F8E5B900E1C1FE = {
			isa = PBXGroup;
			children = (
				EA1D879226F8E5B900E1C1FE /* MethodDispatch */,
				EA1D879126F8E5B900E1C1FE /* Products */,
			);
			sourceTree = "<group>";
		};
		EA1D879126F8E5B900E1C1FE /* Products */ = {
			isa = PBXGroup;
			children = (
				EA1D879026F8E5B900E1C1FE /* MethodDispatch.app */,
			);
			name = Products;
			sourceTree = "<group>";
		};
		EA1D879226F8E5B900E1C1FE /* MethodDispatch */ = {
			isa = PBXGroup;
			children = (
				EA1D87AE26F8EDD400E1C1FE /* TableDispatch */,
				EA1D87A726F8E74A00E1C1FE /* StaticDispatch */,
				EA1D879326F8E5B900E1C1FE /* AppDelegate.swift */,
				EA1D879526F8E5B900E1C1FE /* SceneDelegate.swift */,
				EA1D879726F8E5B900E1C1FE /* ViewController.swift */,
				EA1D879926F8E5B900E1C1FE /* Main.storyboard */,
				EA1D879C26F8E5BE00E1C1FE /* Assets.xcassets */,
				EA1D879E26F8E5BE00E1C1FE /* LaunchScreen.storyboard */,
				EA1D87A126F8E5BE00E1C1FE /* Info.plist */,
			);
			path = MethodDispatch;
			sourceTree = "<group>";
		};
		EA1D87A726F8E74A00E1C1FE /* StaticDispatch */ = {
			isa = PBXGroup;
			children = (
				EA1D87AA26F8E87600E1C1FE /* StaticExamplesClass.swift */,
				EA1D87A826F8E77400E1C1FE /* SomeStruct.swift */,
				EA1D87AC26F8E89F00E1C1FE /* SomeClass.swift */,
			);
			path = StaticDispatch;
			sourceTree = "<group>";
		};
		EA1D87AE26F8EDD400E1C1FE /* TableDispatch */ = {
			isa = PBXGroup;
			children = (
				EA1D87B326F8EF5F00E1C1FE /* TableExamplesClass.swift */,
				EA1D87AF26F8EEC700E1C1FE /* SomeProtocol.swift */,
				EA1D87B126F8EF0A00E1C1FE /* SomeClassTableDispatch.swift */,
				EA1D87B526F8F10700E1C1FE /* CustomNSObject.swift */,
			);
			path = TableDispatch;
			sourceTree = "<group>";
		};
/* End PBXGroup section */

/* Begin PBXNativeTarget section */
		EA1D878F26F8E5B900E1C1FE /* MethodDispatch */ = {
			isa = PBXNativeTarget;
			buildConfigurationList = EA1D87A426F8E5BE00E1C1FE /* Build configuration list for PBXNativeTarget "MethodDispatch" */;
			buildPhases = (
				EA1D878C26F8E5B900E1C1FE /* Sources */,
				EA1D878D26F8E5B900E1C1FE /* Frameworks */,
				EA1D878E26F8E5B900E1C1FE /* Resources */,
			);
			buildRules = (
			);
			dependencies = (
			);
			name = MethodDispatch;
			productName = MethodDispatch;
			productReference = EA1D879026F8E5B900E1C1FE /* MethodDispatch.app */;
			productType = "com.apple.product-type.application";
		};
/* End PBXNativeTarget section */

/* Begin PBXProject section */
		EA1D878826F8E5B900E1C1FE /* Project object */ = {
			isa = PBXProject;
			attributes = {
				LastSwiftUpdateCheck = 1250;
				LastUpgradeCheck = 1250;
				TargetAttributes = {
					EA1D878F26F8E5B900E1C1FE = {
						CreatedOnToolsVersion = 12.5.1;
					};
				};
			};
			buildConfigurationList = EA1D878B26F8E5B900E1C1FE /* Build configuration list for PBXProject "MethodDispatch" */;
			compatibilityVersion = "Xcode 9.3";
			developmentRegion = en;
			hasScannedForEncodings = 0;
			knownRegions = (
				en,
				Base,
			);
			mainGroup = EA1D878726F8E5B900E1C1FE;
			productRefGroup = EA1D879126F8E5B900E1C1FE /* Products */;
			projectDirPath = "";
			projectRoot = "";
			targets = (
				EA1D878F26F8E5B900E1C1FE /* MethodDispatch */,
			);
		};
/* End PBXProject section */

/* Begin PBXResourcesBuildPhase section */
		EA1D878E26F8E5B900E1C1FE /* Resources */ = {
			isa = PBXResourcesBuildPhase;
			buildActionMask = 2147483647;
			files = (
				EA1D87A026F8E5BE00E1C1FE /* LaunchScreen.storyboard in Resources */,
				EA1D879D26F8E5BE00E1C1FE /* Assets.xcassets in Resources */,
				EA1D879B26F8E5B900E1C1FE /* Main.storyboard in Resources */,
			);
			runOnlyForDeploymentPostprocessing = 0;
		};
/* End PBXResourcesBuildPhase section */

/* Begin PBXSourcesBuildPhase section */
		EA1D878C26F8E5B900E1C1FE /* Sources */ = {
			isa = PBXSourcesBuildPhase;
			buildActionMask = 2147483647;
			files = (
				EA1D87AB26F8E87600E1C1FE /* StaticExamplesClass.swift in Sources */,
				EA1D87A926F8E77400E1C1FE /* SomeStruct.swift in Sources */,
				EA1D87B626F8F10700E1C1FE /* CustomNSObject.swift in Sources */,
				EA1D87AD26F8E89F00E1C1FE /* SomeClass.swift in Sources */,
				EA1D87B426F8EF5F00E1C1FE /* TableExamplesClass.swift in Sources */,
				EA1D879826F8E5B900E1C1FE /* ViewController.swift in Sources */,
				EA1D87B226F8EF0A00E1C1FE /* SomeClassTableDispatch.swift in Sources */,
				EA1D87B026F8EEC700E1C1FE /* SomeProtocol.swift in Sources */,
				EA1D879426F8E5B900E1C1FE /* AppDelegate.swift in Sources */,
				EA1D879626F8E5B900E1C1FE /* SceneDelegate.swift in Sources */,
			);
			runOnlyForDeploymentPostprocessing = 0;
		};
/* End PBXSourcesBuildPhase section */

/* Begin PBXVariantGroup section */
		EA1D879926F8E5B900E1C1FE /* Main.storyboard */ = {
			isa = PBXVariantGroup;
			children = (
				EA1D879A26F8E5B900E1C1FE /* Base */,
			);
			name = Main.storyboard;
			sourceTree = "<group>";
		};
		EA1D879E26F8E5BE00E1C1FE /* LaunchScreen.storyboard */ = {
			isa = PBXVariantGroup;
			children = (
				EA1D879F26F8E5BE00E1C1FE /* Base */,
			);
			name = LaunchScreen.storyboard;
			sourceTree = "<group>";
		};
/* End PBXVariantGroup section */

/* Begin XCBuildConfiguration section */
		EA1D87A226F8E5BE00E1C1FE /* Debug */ = {
			isa = XCBuildConfiguration;
			buildSettings = {
				ALWAYS_SEARCH_USER_PATHS = NO;
				CLANG_ANALYZER_NONNULL = YES;
				CLANG_ANALYZER_NUMBER_OBJECT_CONVERSION = YES_AGGRESSIVE;
				CLANG_CXX_LANGUAGE_STANDARD = "gnu++14";
				CLANG_CXX_LIBRARY = "libc++";
				CLANG_ENABLE_MODULES = YES;
				CLANG_ENABLE_OBJC_ARC = YES;
				CLANG_ENABLE_OBJC_WEAK = YES;
				CLANG_WARN_BLOCK_CAPTURE_AUTORELEASING = YES;
				CLANG_WARN_BOOL_CONVERSION = YES;
				CLANG_WARN_COMMA = YES;
				CLANG_WARN_CONSTANT_CONVERSION = YES;
				CLANG_WARN_DEPRECATED_OBJC_IMPLEMENTATIONS = YES;
				CLANG_WARN_DIRECT_OBJC_ISA_USAGE = YES_ERROR;
				CLANG_WARN_DOCUMENTATION_COMMENTS = YES;
				CLANG_WARN_EMPTY_BODY = YES;
				CLANG_WARN_ENUM_CONVERSION = YES;
				CLANG_WARN_INFINITE_RECURSION = YES;
				CLANG_WARN_INT_CONVERSION = YES;
				CLANG_WARN_NON_LITERAL_NULL_CONVERSION = YES;
				CLANG_WARN_OBJC_IMPLICIT_RETAIN_SELF = YES;
				CLANG_WARN_OBJC_LITERAL_CONVERSION = YES;
				CLANG_WARN_OBJC_ROOT_CLASS = YES_ERROR;
				CLANG_WARN_QUOTED_INCLUDE_IN_FRAMEWORK_HEADER = YES;
				CLANG_WARN_RANGE_LOOP_ANALYSIS = YES;
				CLANG_WARN_STRICT_PROTOTYPES = YES;
				CLANG_WARN_SUSPICIOUS_MOVE = YES;
				CLANG_WARN_UNGUARDED_AVAILABILITY = YES_AGGRESSIVE;
				CLANG_WARN_UNREACHABLE_CODE = YES;
				CLANG_WARN__DUPLICATE_METHOD_MATCH = YES;
				COPY_PHASE_STRIP = NO;
				DEBUG_INFORMATION_FORMAT = dwarf;
				ENABLE_STRICT_OBJC_MSGSEND = YES;
				ENABLE_TESTABILITY = YES;
				GCC_C_LANGUAGE_STANDARD = gnu11;
				GCC_DYNAMIC_NO_PIC = NO;
				GCC_NO_COMMON_BLOCKS = YES;
				GCC_OPTIMIZATION_LEVEL = 0;
				GCC_PREPROCESSOR_DEFINITIONS = (
					"DEBUG=1",
					"$(inherited)",
				);
				GCC_WARN_64_TO_32_BIT_CONVERSION = YES;
				GCC_WARN_ABOUT_RETURN_TYPE = YES_ERROR;
				GCC_WARN_UNDECLARED_SELECTOR = YES;
				GCC_WARN_UNINITIALIZED_AUTOS = YES_AGGRESSIVE;
				GCC_WARN_UNUSED_FUNCTION = YES;
				GCC_WARN_UNUSED_VARIABLE = YES;
				IPHONEOS_DEPLOYMENT_TARGET = 14.5;
				MTL_ENABLE_DEBUG_INFO = INCLUDE_SOURCE;
				MTL_FAST_MATH = YES;
				ONLY_ACTIVE_ARCH = YES;
				SDKROOT = iphoneos;
				SWIFT_ACTIVE_COMPILATION_CONDITIONS = DEBUG;
				SWIFT_OPTIMIZATION_LEVEL = "-Onone";
			};
			name = Debug;
		};
		EA1D87A326F8E5BE00E1C1FE /* Release */ = {
			isa = XCBuildConfiguration;
			buildSettings = {
				ALWAYS_SEARCH_USER_PATHS = NO;
				CLANG_ANALYZER_NONNULL = YES;
				CLANG_ANALYZER_NUMBER_OBJECT_CONVERSION = YES_AGGRESSIVE;
				CLANG_CXX_LANGUAGE_STANDARD = "gnu++14";
				CLANG_CXX_LIBRARY = "libc++";
				CLANG_ENABLE_MODULES = YES;
				CLANG_ENABLE_OBJC_ARC = YES;
				CLANG_ENABLE_OBJC_WEAK = YES;
				CLANG_WARN_BLOCK_CAPTURE_AUTORELEASING = YES;
				CLANG_WARN_BOOL_CONVERSION = YES;
				CLANG_WARN_COMMA = YES;
				CLANG_WARN_CONSTANT_CONVERSION = YES;
				CLANG_WARN_DEPRECATED_OBJC_IMPLEMENTATIONS = YES;
				CLANG_WARN_DIRECT_OBJC_ISA_USAGE = YES_ERROR;
				CLANG_WARN_DOCUMENTATION_COMMENTS = YES;
				CLANG_WARN_EMPTY_BODY = YES;
				CLANG_WARN_ENUM_CONVERSION = YES;
				CLANG_WARN_INFINITE_RECURSION = YES;
				CLANG_WARN_INT_CONVERSION = YES;
				CLANG_WARN_NON_LITERAL_NULL_CONVERSION = YES;
				CLANG_WARN_OBJC_IMPLICIT_RETAIN_SELF = YES;
				CLANG_WARN_OBJC_LITERAL_CONVERSION = YES;
				CLANG_WARN_OBJC_ROOT_CLASS = YES_ERROR;
				CLANG_WARN_QUOTED_INCLUDE_IN_FRAMEWORK_HEADER = YES;
				CLANG_WARN_RANGE_LOOP_ANALYSIS = YES;
				CLANG_WARN_STRICT_PROTOTYPES = YES;
				CLANG_WARN_SUSPICIOUS_MOVE = YES;
				CLANG_WARN_UNGUARDED_AVAILABILITY = YES_AGGRESSIVE;
				CLANG_WARN_UNREACHABLE_CODE = YES;
				CLANG_WARN__DUPLICATE_METHOD_MATCH = YES;
				COPY_PHASE_STRIP = NO;
				DEBUG_INFORMATION_FORMAT = "dwarf-with-dsym";
				ENABLE_NS_ASSERTIONS = NO;
				ENABLE_STRICT_OBJC_MSGSEND = YES;
				GCC_C_LANGUAGE_STANDARD = gnu11;
				GCC_NO_COMMON_BLOCKS = YES;
				GCC_WARN_64_TO_32_BIT_CONVERSION = YES;
				GCC_WARN_ABOUT_RETURN_TYPE = YES_ERROR;
				GCC_WARN_UNDECLARED_SELECTOR = YES;
				GCC_WARN_UNINITIALIZED_AUTOS = YES_AGGRESSIVE;
				GCC_WARN_UNUSED_FUNCTION = YES;
				GCC_WARN_UNUSED_VARIABLE = YES;
				IPHONEOS_DEPLOYMENT_TARGET = 14.5;
				MTL_ENABLE_DEBUG_INFO = NO;
				MTL_FAST_MATH = YES;
				SDKROOT = iphoneos;
				SWIFT_COMPILATION_MODE = wholemodule;
				SWIFT_OPTIMIZATION_LEVEL = "-O";
				VALIDATE_PRODUCT = YES;
			};
			name = Release;
		};
		EA1D87A526F8E5BE00E1C1FE /* Debug */ = {
			isa = XCBuildConfiguration;
			buildSettings = {
				ASSETCATALOG_COMPILER_APPICON_NAME = AppIcon;
				ASSETCATALOG_COMPILER_GLOBAL_ACCENT_COLOR_NAME = AccentColor;
				CODE_SIGN_STYLE = Automatic;
				DEVELOPMENT_TEAM = 78U6FZ3GMX;
				INFOPLIST_FILE = MethodDispatch/Info.plist;
				LD_RUNPATH_SEARCH_PATHS = (
					"$(inherited)",
					"@executable_path/Frameworks",
				);
				PRODUCT_BUNDLE_IDENTIFIER = "com.Oleg-Romanov.MethodDispatch";
				PRODUCT_NAME = "$(TARGET_NAME)";
				SWIFT_VERSION = 5.0;
				TARGETED_DEVICE_FAMILY = "1,2";
			};
			name = Debug;
		};
		EA1D87A626F8E5BE00E1C1FE /* Release */ = {
			isa = XCBuildConfiguration;
			buildSettings = {
				ASSETCATALOG_COMPILER_APPICON_NAME = AppIcon;
				ASSETCATALOG_COMPILER_GLOBAL_ACCENT_COLOR_NAME = AccentColor;
				CODE_SIGN_STYLE = Automatic;
				DEVELOPMENT_TEAM = 78U6FZ3GMX;
				INFOPLIST_FILE = MethodDispatch/Info.plist;
				LD_RUNPATH_SEARCH_PATHS = (
					"$(inherited)",
					"@executable_path/Frameworks",
				);
				PRODUCT_BUNDLE_IDENTIFIER = "com.Oleg-Romanov.MethodDispatch";
				PRODUCT_NAME = "$(TARGET_NAME)";
				SWIFT_VERSION = 5.0;
				TARGETED_DEVICE_FAMILY = "1,2";
			};
			name = Release;
		};
/* End XCBuildConfiguration section */

/* Begin XCConfigurationList section */
		EA1D878B26F8E5B900E1C1FE /* Build configuration list for PBXProject "MethodDispatch" */ = {
			isa = XCConfigurationList;
			buildConfigurations = (
				EA1D87A226F8E5BE00E1C1FE /* Debug */,
				EA1D87A326F8E5BE00E1C1FE /* Release */,
			);
			defaultConfigurationIsVisible = 0;
			defaultConfigurationName = Release;
		};
		EA1D87A426F8E5BE00E1C1FE /* Build configuration list for PBXNativeTarget "MethodDispatch" */ = {
			isa = XCConfigurationList;
			buildConfigurations = (
				EA1D87A526F8E5BE00E1C1FE /* Debug */,
				EA1D87A626F8E5BE00E1C1FE /* Release */,
			);
			defaultConfigurationIsVisible = 0;
			defaultConfigurationName = Release;
		};
/* End XCConfigurationList section */
	};
	rootObject = EA1D878826F8E5B900E1C1FE /* Project object */;
}
